
Microsoft Visual Studio Solution File, Format Version 12.00
# Visual Studio Version 17
VisualStudioVersion = 17.0.31912.275
MinimumVisualStudioVersion = 10.0.40219.1
Project("{9A19103F-16F7-4668-BE54-9A1E7A4F7556}") = "DiskAnalysis", "DiskAnalysis\DiskAnalysis.csproj", "{6C20E156-C46B-4ABF-9A02-598B6098614F}"
EndProject
Project("{9A19103F-16F7-4668-BE54-9A1E7A4F7556}") = "WPFFolderBrowser", "WpfFolderBrowser\WPFFolderBrowser.csproj", "{EC7E5CC4-BFD5-4C2C-A081-6D0F8CB99CC5}"
EndProject
Global
	GlobalSection(SolutionConfigurationPlatforms) = preSolution
		Debug|Any CPU = Debug|Any CPU
		Release|Any CPU = Release|Any CPU
	EndGlobalSection
	GlobalSection(ProjectConfigurationPlatforms) = postSolution
		{6C20E156-C46B-4ABF-9A02-598B6098614F}.Debug|Any CPU.ActiveCfg = Debug|Any CPU
		{6C20E156-C46B-4ABF-9A02-598B6098614F}.Debug|Any CPU.Build.0 = Debug|Any CPU
		{6C20E156-C46B-4ABF-9A02-598B6098614F}.Release|Any CPU.ActiveCfg = Release|Any CPU
		{6C20E156-C46B-4ABF-9A02-598B6098614F}.Release|Any CPU.Build.0 = Release|Any CPU
		{EC7E5CC4-BFD5-4C2C-A081-6D0F8CB99CC5}.Debug|Any CPU.ActiveCfg = Debug|Any CPU
		{EC7E5CC4-BFD5-4C2C-A081-6D0F8CB99CC5}.Debug|Any CPU.Build.0 = Debug|Any CPU
		{EC7E5CC4-BFD5-4C2C-A081-6D0F8CB99CC5}.Release|Any CPU.ActiveCfg = Release|Any CPU
		{EC7E5CC4-BFD5-4C2C-A081-6D0F8CB99CC5}.Release|Any CPU.Build.0 = Release|Any CPU
	EndGlobalSection
	GlobalSection(SolutionProperties) = preSolution
		HideSolutionNode = FALSE
	EndGlobalSection
	GlobalSection(ExtensibilityGlobals) = postSolution
		SolutionGuid = {898FAD61-1D49-407C-A49E-FB60F43BF6BD}
	EndGlobalSection
EndGlobal
